
Microsoft Visual Studio Solution File, Format Version 12.00
# Visual Studio 2012
Project("{FAE04EC0-301F-11D3-BF4B-00C04F79EFBC}") = "softstarter", "softstarter\softstarter.csproj", "{0577D730-4517-4FE4-8048-D51DF8147268}"
EndProject
Global
	GlobalSection(SolutionConfigurationPlatforms) = preSolution
		Debug|Any CPU = Debug|Any CPU
		Release|Any CPU = Release|Any CPU
	EndGlobalSection
	GlobalSection(ProjectConfigurationPlatforms) = postSolution
		{0577D730-4517-4FE4-8048-D51DF8147268}.Debug|Any CPU.ActiveCfg = Debug|Any CPU
		{0577D730-4517-4FE4-8048-D51DF8147268}.Debug|Any CPU.Build.0 = Debug|Any CPU
		{0577D730-4517-4FE4-8048-D51DF8147268}.Release|Any CPU.ActiveCfg = Release|Any CPU
		{0577D730-4517-4FE4-8048-D51DF8147268}.Release|Any CPU.Build.0 = Release|Any CPU
	EndGlobalSection
	GlobalSection(SolutionProperties) = preSolution
		HideSolutionNode = FALSE
	EndGlobalSection
EndGlobal
